// !$*UTF8*$!
{
	archiveVersion = 1;
	classes = {
	};
	objectVersion = 45;
	objects = {

/* Begin PBXBuildFile section */
		1D3623260D0F684500981E51 /* DualNibsIPadDemoAppDelegate.m in Sources */ = {isa = PBXBuildFile; fileRef = 1D3623250D0F684500981E51 /* DualNibsIPadDemoAppDelegate.m */; };
		1D60589B0D05DD56006BFB54 /* main.m in Sources */ = {isa = PBXBuildFile; fileRef = 29B97316FDCFA39411CA2CEA /* main.m */; };
		1D60589F0D05DD5A006BFB54 /* Foundation.framework in Frameworks */ = {isa = PBXBuildFile; fileRef = 1D30AB110D05D00D00671497 /* Foundation.framework */; };
		1DF5F4E00D08C38300B7A737 /* UIKit.framework in Frameworks */ = {isa = PBXBuildFile; fileRef = 1DF5F4DF0D08C38300B7A737 /* UIKit.framework */; };
		288765A50DF7441C002DB57D /* CoreGraphics.framework in Frameworks */ = {isa = PBXBuildFile; fileRef = 288765A40DF7441C002DB57D /* CoreGraphics.framework */; };
		28AD733F0D9D9553002E5188 /* MainWindow.xib in Resources */ = {isa = PBXBuildFile; fileRef = 28AD733E0D9D9553002E5188 /* MainWindow.xib */; };
		28D7ACF80DDB3853001CB0EB /* DualNibsIPadDemoViewController.m in Sources */ = {isa = PBXBuildFile; fileRef = 28D7ACF70DDB3853001CB0EB /* DualNibsIPadDemoViewController.m */; };
		32FC3E93120CD633005B4346 /* libDualNibs.a in Frameworks */ = {isa = PBXBuildFile; fileRef = 32FC3E8E120CD61E005B4346 /* libDualNibs.a */; };
		32FC3EA5120CD835005B4346 /* img-thing.jpeg in Resources */ = {isa = PBXBuildFile; fileRef = 32FC3EA1120CD834005B4346 /* img-thing.jpeg */; };
		32FC3EA6120CD835005B4346 /* king-o-thread.jpg in Resources */ = {isa = PBXBuildFile; fileRef = 32FC3EA2120CD834005B4346 /* king-o-thread.jpg */; };
		32FC3EA7120CD835005B4346 /* icanhascheezburger.jpg in Resources */ = {isa = PBXBuildFile; fileRef = 32FC3EA3120CD834005B4346 /* icanhascheezburger.jpg */; };
		32FC3EA8120CD835005B4346 /* CatBrush.jpg in Resources */ = {isa = PBXBuildFile; fileRef = 32FC3EA4120CD835005B4346 /* CatBrush.jpg */; };
		32FC3EC2120CDBFD005B4346 /* DualNibsIPadDemoViewController-Landscape.xib in Resources */ = {isa = PBXBuildFile; fileRef = 32FC3EC0120CDBFD005B4346 /* DualNibsIPadDemoViewController-Landscape.xib */; };
		32FC3EC3120CDBFD005B4346 /* DualNibsIPadDemoViewController-Portrait.xib in Resources */ = {isa = PBXBuildFile; fileRef = 32FC3EC1120CDBFD005B4346 /* DualNibsIPadDemoViewController-Portrait.xib */; };
/* End PBXBuildFile section */

/* Begin PBXContainerItemProxy section */
		32FC3E8D120CD61E005B4346 /* PBXContainerItemProxy */ = {
			isa = PBXContainerItemProxy;
			containerPortal = 32FC3E89120CD61E005B4346 /* DualNibs.xcodeproj */;
			proxyType = 2;
			remoteGlobalIDString = D2AAC07E0554694100DB518D;
			remoteInfo = DualNibs;
		};
		32FC3E91120CD62A005B4346 /* PBXContainerItemProxy */ = {
			isa = PBXContainerItemProxy;
			containerPortal = 32FC3E89120CD61E005B4346 /* DualNibs.xcodeproj */;
			proxyType = 1;
			remoteGlobalIDString = D2AAC07D0554694100DB518D;
			remoteInfo = DualNibs;
		};
/* End PBXContainerItemProxy section */

/* Begin PBXFileReference section */
		1D30AB110D05D00D00671497 /* Foundation.framework */ = {isa = PBXFileReference; lastKnownFileType = wrapper.framework; name = Foundation.framework; path = System/Library/Frameworks/Foundation.framework; sourceTree = SDKROOT; };
		1D3623240D0F684500981E51 /* DualNibsIPadDemoAppDelegate.h */ = {isa = PBXFileReference; fileEncoding = 4; lastKnownFileType = sourcecode.c.h; path = DualNibsIPadDemoAppDelegate.h; sourceTree = "<group>"; };
		1D3623250D0F684500981E51 /* DualNibsIPadDemoAppDelegate.m */ = {isa = PBXFileReference; fileEncoding = 4; lastKnownFileType = sourcecode.c.objc; path = DualNibsIPadDemoAppDelegate.m; sourceTree = "<group>"; };
		1D6058910D05DD3D006BFB54 /* DualNibsIPadDemo.app */ = {isa = PBXFileReference; explicitFileType = wrapper.application; includeInIndex = 0; path = DualNibsIPadDemo.app; sourceTree = BUILT_PRODUCTS_DIR; };
		1DF5F4DF0D08C38300B7A737 /* UIKit.framework */ = {isa = PBXFileReference; lastKnownFileType = wrapper.framework; name = UIKit.framework; path = System/Library/Frameworks/UIKit.framework; sourceTree = SDKROOT; };
		288765A40DF7441C002DB57D /* CoreGraphics.framework */ = {isa = PBXFileReference; lastKnownFileType = wrapper.framework; name = CoreGraphics.framework; path = System/Library/Frameworks/CoreGraphics.framework; sourceTree = SDKROOT; };
		28AD733E0D9D9553002E5188 /* MainWindow.xib */ = {isa = PBXFileReference; lastKnownFileType = file.xib; path = MainWindow.xib; sourceTree = "<group>"; };
		28D7ACF60DDB3853001CB0EB /* DualNibsIPadDemoViewController.h */ = {isa = PBXFileReference; fileEncoding = 4; lastKnownFileType = sourcecode.c.h; path = DualNibsIPadDemoViewController.h; sourceTree = "<group>"; };
		28D7ACF70DDB3853001CB0EB /* DualNibsIPadDemoViewController.m */ = {isa = PBXFileReference; fileEncoding = 4; lastKnownFileType = sourcecode.c.objc; path = DualNibsIPadDemoViewController.m; sourceTree = "<group>"; };
		29B97316FDCFA39411CA2CEA /* main.m */ = {isa = PBXFileReference; fileEncoding = 4; lastKnownFileType = sourcecode.c.objc; path = main.m; sourceTree = "<group>"; };
		32CA4F630368D1EE00C91783 /* DualNibsIPadDemo_Prefix.pch */ = {isa = PBXFileReference; fileEncoding = 4; lastKnownFileType = sourcecode.c.h; path = DualNibsIPadDemo_Prefix.pch; sourceTree = "<group>"; };
		32FC3E89120CD61E005B4346 /* DualNibs.xcodeproj */ = {isa = PBXFileReference; lastKnownFileType = "wrapper.pb-project"; name = DualNibs.xcodeproj; path = ../DualNibs/DualNibs.xcodeproj; sourceTree = SOURCE_ROOT; };
		32FC3EA1120CD834005B4346 /* img-thing.jpeg */ = {isa = PBXFileReference; lastKnownFileType = image.jpeg; path = "img-thing.jpeg"; sourceTree = "<group>"; };
		32FC3EA2120CD834005B4346 /* king-o-thread.jpg */ = {isa = PBXFileReference; lastKnownFileType = image.jpeg; path = "king-o-thread.jpg"; sourceTree = "<group>"; };
		32FC3EA3120CD834005B4346 /* icanhascheezburger.jpg */ = {isa = PBXFileReference; lastKnownFileType = image.jpeg; path = icanhascheezburger.jpg; sourceTree = "<group>"; };
		32FC3EA4120CD835005B4346 /* CatBrush.jpg */ = {isa = PBXFileReference; lastKnownFileType = image.jpeg; path = CatBrush.jpg; sourceTree = "<group>"; };
		32FC3EC0120CDBFD005B4346 /* DualNibsIPadDemoViewController-Landscape.xib */ = {isa = PBXFileReference; lastKnownFileType = file.xib; path = "DualNibsIPadDemoViewController-Landscape.xib"; sourceTree = "<group>"; };
		32FC3EC1120CDBFD005B4346 /* DualNibsIPadDemoViewController-Portrait.xib */ = {isa = PBXFileReference; lastKnownFileType = file.xib; path = "DualNibsIPadDemoViewController-Portrait.xib"; sourceTree = "<group>"; };
		8D1107310486CEB800E47090 /* DualNibsIPadDemo-Info.plist */ = {isa = PBXFileReference; fileEncoding = 4; lastKnownFileType = text.plist.xml; path = "DualNibsIPadDemo-Info.plist"; plistStructureDefinitionIdentifier = "com.apple.xcode.plist.structure-definition.iphone.info-plist"; sourceTree = "<group>"; };
/* End PBXFileReference section */

/* Begin PBXFrameworksBuildPhase section */
		1D60588F0D05DD3D006BFB54 /* Frameworks */ = {
			isa = PBXFrameworksBuildPhase;
			buildActionMask = 2147483647;
			files = (
				32FC3E93120CD633005B4346 /* libDualNibs.a in Frameworks */,
				1D60589F0D05DD5A006BFB54 /* Foundation.framework in Frameworks */,
				1DF5F4E00D08C38300B7A737 /* UIKit.framework in Frameworks */,
				288765A50DF7441C002DB57D /* CoreGraphics.framework in Frameworks */,
			);
			runOnlyForDeploymentPostprocessing = 0;
		};
/* End PBXFrameworksBuildPhase section */

/* Begin PBXGroup section */
		080E96DDFE201D6D7F000001 /* Classes */ = {
			isa = PBXGroup;
			children = (
				1D3623240D0F684500981E51 /* DualNibsIPadDemoAppDelegate.h */,
				1D3623250D0F684500981E51 /* DualNibsIPadDemoAppDelegate.m */,
				28D7ACF60DDB3853001CB0EB /* DualNibsIPadDemoViewController.h */,
				28D7ACF70DDB3853001CB0EB /* DualNibsIPadDemoViewController.m */,
			);
			path = Classes;
			sourceTree = "<group>";
		};
		19C28FACFE9D520D11CA2CBB /* Products */ = {
			isa = PBXGroup;
			children = (
				1D6058910D05DD3D006BFB54 /* DualNibsIPadDemo.app */,
			);
			name = Products;
			sourceTree = "<group>";
		};
		29B97314FDCFA39411CA2CEA /* CustomTemplate */ = {
			isa = PBXGroup;
			children = (
				32FC3E89120CD61E005B4346 /* DualNibs.xcodeproj */,
				080E96DDFE201D6D7F000001 /* Classes */,
				29B97315FDCFA39411CA2CEA /* Other Sources */,
				29B97317FDCFA39411CA2CEA /* Resources */,
				29B97323FDCFA39411CA2CEA /* Frameworks */,
				19C28FACFE9D520D11CA2CBB /* Products */,
			);
			name = CustomTemplate;
			sourceTree = "<group>";
		};
		29B97315FDCFA39411CA2CEA /* Other Sources */ = {
			isa = PBXGroup;
			children = (
				32CA4F630368D1EE00C91783 /* DualNibsIPadDemo_Prefix.pch */,
				29B97316FDCFA39411CA2CEA /* main.m */,
			);
			name = "Other Sources";
			sourceTree = "<group>";
		};
		29B97317FDCFA39411CA2CEA /* Resources */ = {
			isa = PBXGroup;
			children = (
				32FC3EA1120CD834005B4346 /* img-thing.jpeg */,
				32FC3EA2120CD834005B4346 /* king-o-thread.jpg */,
				32FC3EA3120CD834005B4346 /* icanhascheezburger.jpg */,
				32FC3EA4120CD835005B4346 /* CatBrush.jpg */,
				32FC3EC0120CDBFD005B4346 /* DualNibsIPadDemoViewController-Landscape.xib */,
				32FC3EC1120CDBFD005B4346 /* DualNibsIPadDemoViewController-Portrait.xib */,
				28AD733E0D9D9553002E5188 /* MainWindow.xib */,
				8D1107310486CEB800E47090 /* DualNibsIPadDemo-Info.plist */,
			);
			name = Resources;
			sourceTree = "<group>";
		};
		29B97323FDCFA39411CA2CEA /* Frameworks */ = {
			isa = PBXGroup;
			children = (
				1DF5F4DF0D08C38300B7A737 /* UIKit.framework */,
				1D30AB110D05D00D00671497 /* Foundation.framework */,
				288765A40DF7441C002DB57D /* CoreGraphics.framework */,
			);
			name = Frameworks;
			sourceTree = "<group>";
		};
		32FC3E8A120CD61E005B4346 /* Products */ = {
			isa = PBXGroup;
			children = (
				32FC3E8E120CD61E005B4346 /* libDualNibs.a */,
			);
			name = Products;
			sourceTree = "<group>";
		};
/* End PBXGroup section */

/* Begin PBXNativeTarget section */
		1D6058900D05DD3D006BFB54 /* DualNibsIPadDemo */ = {
			isa = PBXNativeTarget;
			buildConfigurationList = 1D6058960D05DD3E006BFB54 /* Build configuration list for PBXNativeTarget "DualNibsIPadDemo" */;
			buildPhases = (
				1D60588D0D05DD3D006BFB54 /* Resources */,
				1D60588E0D05DD3D006BFB54 /* Sources */,
				1D60588F0D05DD3D006BFB54 /* Frameworks */,
			);
			buildRules = (
			);
			dependencies = (
				32FC3E92120CD62A005B4346 /* PBXTargetDependency */,
			);
			name = DualNibsIPadDemo;
			productName = DualNibsIPadDemo;
			productReference = 1D6058910D05DD3D006BFB54 /* DualNibsIPadDemo.app */;
			productType = "com.apple.product-type.application";
		};
/* End PBXNativeTarget section */

/* Begin PBXProject section */
		29B97313FDCFA39411CA2CEA /* Project object */ = {
			isa = PBXProject;
			buildConfigurationList = C01FCF4E08A954540054247B /* Build configuration list for PBXProject "DualNibsIPadDemo" */;
			compatibilityVersion = "Xcode 3.1";
			hasScannedForEncodings = 1;
			mainGroup = 29B97314FDCFA39411CA2CEA /* CustomTemplate */;
			projectDirPath = "";
			projectReferences = (
				{
					ProductGroup = 32FC3E8A120CD61E005B4346 /* Products */;
					ProjectRef = 32FC3E89120CD61E005B4346 /* DualNibs.xcodeproj */;
				},
			);
			projectRoot = "";
			targets = (
				1D6058900D05DD3D006BFB54 /* DualNibsIPadDemo */,
			);
		};
/* End PBXProject section */

/* Begin PBXReferenceProxy section */
		32FC3E8E120CD61E005B4346 /* libDualNibs.a */ = {
			isa = PBXReferenceProxy;
			fileType = archive.ar;
			path = libDualNibs.a;
			remoteRef = 32FC3E8D120CD61E005B4346 /* PBXContainerItemProxy */;
			sourceTree = BUILT_PRODUCTS_DIR;
		};
/* End PBXReferenceProxy section */

/* Begin PBXResourcesBuildPhase section */
		1D60588D0D05DD3D006BFB54 /* Resources */ = {
			isa = PBXResourcesBuildPhase;
			buildActionMask = 2147483647;
			files = (
				28AD733F0D9D9553002E5188 /* MainWindow.xib in Resources */,
				32FC3EA5120CD835005B4346 /* img-thing.jpeg in Resources */,
				32FC3EA6120CD835005B4346 /* king-o-thread.jpg in Resources */,
				32FC3EA7120CD835005B4346 /* icanhascheezburger.jpg in Resources */,
				32FC3EA8120CD835005B4346 /* CatBrush.jpg in Resources */,
				32FC3EC2120CDBFD005B4346 /* DualNibsIPadDemoViewController-Landscape.xib in Resources */,
				32FC3EC3120CDBFD005B4346 /* DualNibsIPadDemoViewController-Portrait.xib in Resources */,
			);
			runOnlyForDeploymentPostprocessing = 0;
		};
/* End PBXResourcesBuildPhase section */

/* Begin PBXSourcesBuildPhase section */
		1D60588E0D05DD3D006BFB54 /* Sources */ = {
			isa = PBXSourcesBuildPhase;
			buildActionMask = 2147483647;
			files = (
				1D60589B0D05DD56006BFB54 /* main.m in Sources */,
				1D3623260D0F684500981E51 /* DualNibsIPadDemoAppDelegate.m in Sources */,
				28D7ACF80DDB3853001CB0EB /* DualNibsIPadDemoViewController.m in Sources */,
			);
			runOnlyForDeploymentPostprocessing = 0;
		};
/* End PBXSourcesBuildPhase section */

/* Begin PBXTargetDependency section */
		32FC3E92120CD62A005B4346 /* PBXTargetDependency */ = {
			isa = PBXTargetDependency;
			name = DualNibs;
			targetProxy = 32FC3E91120CD62A005B4346 /* PBXContainerItemProxy */;
		};
/* End PBXTargetDependency section */

/* Begin XCBuildConfiguration section */
		1D6058940D05DD3E006BFB54 /* Debug */ = {
			isa = XCBuildConfiguration;
			buildSettings = {
				ALWAYS_SEARCH_USER_PATHS = NO;
				COPY_PHASE_STRIP = NO;
				GCC_DYNAMIC_NO_PIC = NO;
				GCC_OPTIMIZATION_LEVEL = 0;
				GCC_PRECOMPILE_PREFIX_HEADER = YES;
				GCC_PREFIX_HEADER = DualNibsIPadDemo_Prefix.pch;
				INFOPLIST_FILE = "DualNibsIPadDemo-Info.plist";
				PRODUCT_NAME = DualNibsIPadDemo;
			};
			name = Debug;
		};
		1D6058950D05DD3E006BFB54 /* Release */ = {
			isa = XCBuildConfiguration;
			buildSettings = {
				ALWAYS_SEARCH_USER_PATHS = NO;
				COPY_PHASE_STRIP = YES;
				GCC_PRECOMPILE_PREFIX_HEADER = YES;
				GCC_PREFIX_HEADER = DualNibsIPadDemo_Prefix.pch;
				INFOPLIST_FILE = "DualNibsIPadDemo-Info.plist";
				PRODUCT_NAME = DualNibsIPadDemo;
				VALIDATE_PRODUCT = YES;
			};
			name = Release;
		};
		C01FCF4F08A954540054247B /* Debug */ = {
			isa = XCBuildConfiguration;
			buildSettings = {
				ARCHS = "$(ARCHS_UNIVERSAL_IPHONE_OS)";
				"CODE_SIGN_IDENTITY[sdk=iphoneos*]" = "iPhone Developer";
				GCC_C_LANGUAGE_STANDARD = c99;
				GCC_WARN_ABOUT_RETURN_TYPE = YES;
				GCC_WARN_UNUSED_VARIABLE = YES;
				HEADER_SEARCH_PATHS = "../DualNibs/**";
				LIBRARY_SEARCH_PATHS = "";
				OTHER_LDFLAGS = (
					"-all_load",
					"-ObjC",
				);
				PREBINDING = NO;
				SDKROOT = iphoneos3.2;
				TARGETED_DEVICE_FAMILY = 2;
			};
			name = Debug;
		};
		C01FCF5008A954540054247B /* Release */ = {
			isa = XCBuildConfiguration;
			buildSettings = {
				ARCHS = "$(ARCHS_UNIVERSAL_IPHONE_OS)";
				"CODE_SIGN_IDENTITY[sdk=iphoneos*]" = "iPhone Developer";
				GCC_C_LANGUAGE_STANDARD = c99;
				GCC_WARN_ABOUT_RETURN_TYPE = YES;
				GCC_WARN_UNUSED_VARIABLE = YES;
				HEADER_SEARCH_PATHS = "../DualNibs/**";
				LIBRARY_SEARCH_PATHS = "";
				OTHER_CFLAGS = "-DNS_BLOCK_ASSERTIONS=1";
				OTHER_LDFLAGS = (
					"-all_load",
					"-ObjC",
				);
				PREBINDING = NO;
				SDKROOT = iphoneos3.2;
				TARGETED_DEVICE_FAMILY = 2;
			};
			name = Release;
		};
/* End XCBuildConfiguration section */

/* Begin XCConfigurationList section */
		1D6058960D05DD3E006BFB54 /* Build configuration list for PBXNativeTarget "DualNibsIPadDemo" */ = {
			isa = XCConfigurationList;
			buildConfigurations = (
				1D6058940D05DD3E006BFB54 /* Debug */,
				1D6058950D05DD3E006BFB54 /* Release */,
			);
			defaultConfigurationIsVisible = 0;
			defaultConfigurationName = Release;
		};
		C01FCF4E08A954540054247B /* Build configuration list for PBXProject "DualNibsIPadDemo" */ = {
			isa = XCConfigurationList;
			buildConfigurations = (
				C01FCF4F08A954540054247B /* Debug */,
				C01FCF5008A954540054247B /* Release */,
			);
			defaultConfigurationIsVisible = 0;
			defaultConfigurationName = Release;
		};
/* End XCConfigurationList section */
	};
	rootObject = 29B97313FDCFA39411CA2CEA /* Project object */;
}
